<?xml version="1.0" encoding="UTF-8"?>
<Scheme
   LastUpgradeVersion = "1530"
   version = "1.7">
   <BuildAction
      parallelizeBuildables = "YES"
      buildImplicitDependencies = "YES">
      <BuildActionEntries>
         <BuildActionEntry
            buildForTesting = "YES"
            buildForRunning = "YES"
            buildForProfiling = "YES"
            buildForArchiving = "YES"
            buildForAnalyzing = "YES">
            <BuildableReference BuildableIdentifier = "primary"
               BlueprintIdentifier = "6127CA96D4DCA6F538A321EA"
               BuildableName = "CryptoChecker.app"
               BlueprintName = "CryptoChecker"
               ReferencedContainer = "container:CryptoChecker.xcodeproj">
            </BuildableReference>
         </BuildActionEntry>
         <BuildActionEntry
            buildForTesting = "YES"
            buildForRunning = "YES"
            buildForProfiling = "YES"
            buildForArchiving = "YES"
            buildForAnalyzing = "YES">
            <BuildableReference BuildableIdentifier = "primary"
               BlueprintIdentifier = "D61FCB2C6B0EDA679E787737"
               BuildableName = "CryptoCheckerWidgetsExtension.appex"
               BlueprintName = "CryptoCheckerWidgetsExtension"
               ReferencedContainer = "container:CryptoChecker.xcodeproj">
            </BuildableReference>
         </BuildActionEntry>
      </BuildActionEntries>
   </BuildAction>
   <TestAction
      buildConfiguration = "Debug"
      selectedDebuggerIdentifier = "Xcode.DebuggerFoundation.Debugger.LLDB"
      selectedLauncherIdentifier = "Xcode.DebuggerFoundation.Launcher.LLDB"
      shouldUseLaunchSchemeArgsEnv = "YES"
      shouldAutocreateTestPlan = "YES">
      <Testables>
         <TestableReference
            skipped = "NO"
            parallelizable = "NO">
            <BuildableReference BuildableIdentifier = "primary"
               BlueprintIdentifier = "21C2D7C3956DA253DC61C45D"
               BuildableName = "CryptoCheckerTests.xctest"
               BlueprintName = "CryptoCheckerTests"
               ReferencedContainer = "container:CryptoChecker.xcodeproj">
            </BuildableReference>
         </TestableReference>
      </Testables>
   </TestAction>
   <LaunchAction
      buildConfiguration = "Debug"
      selectedDebuggerIdentifier = "Xcode.DebuggerFoundation.Debugger.LLDB"
      selectedLauncherIdentifier = "Xcode.DebuggerFoundation.Launcher.LLDB"
      launchStyle = "0"
      useCustomWorkingDirectory = "NO"
      ignoresPersistentStateOnLaunch = "NO"
      debugDocumentVersioning = "YES"
      debugServiceExtension = "internal"
      allowLocationSimulation = "YES">
      <BuildableProductRunnable
         runnableDebuggingMode = "0">
         <BuildableReference BuildableIdentifier = "primary"
            BlueprintIdentifier = "6127CA96D4DCA6F538A321EA"
            BuildableName = "CryptoChecker.app"
            BlueprintName = "CryptoChecker"
            ReferencedContainer = "container:CryptoChecker.xcodeproj">
         </BuildableReference>
      </BuildableProductRunnable>
   </LaunchAction>
   <ProfileAction
      buildConfiguration = "Release"
      shouldUseLaunchSchemeArgsEnv = "YES"
      savedToolIdentifier = ""
      useCustomWorkingDirectory = "NO"
      debugDocumentVersioning = "YES">
      <BuildableProductRunnable
         runnableDebuggingMode = "0">
         <BuildableReference BuildableIdentifier = "primary"
            BlueprintIdentifier = "6127CA96D4DCA6F538A321EA"
            BuildableName = "CryptoChecker.app"
            BlueprintName = "CryptoChecker"
            ReferencedContainer = "container:CryptoChecker.xcodeproj">
         </BuildableReference>
      </BuildableProductRunnable>
   </ProfileAction>
   <AnalyzeAction
      buildConfiguration = "Debug">
   </AnalyzeAction>
   <ArchiveAction
      buildConfiguration = "Release"
      revealArchiveInOrganizer = "YES">
   </ArchiveAction>
</Scheme>
